// !$*UTF8*$!
{
	archiveVersion = 1;
	classes = {
	};
	objectVersion = 48;
	objects = {

/* Begin PBXBuildFile section */
		40418A8E20644E6800D8B451 /* PhotosViewController.swift in Sources */ = {isa = PBXBuildFile; fileRef = 40418A8D20644E6800D8B451 /* PhotosViewController.swift */; };
		4094CF632064B28900CE0FE4 /* PhotoCell.swift in Sources */ = {isa = PBXBuildFile; fileRef = 4094CF622064B28900CE0FE4 /* PhotoCell.swift */; };
		409E3D8720608F5F0050C2F6 /* AppDelegate.swift in Sources */ = {isa = PBXBuildFile; fileRef = 409E3D8620608F5F0050C2F6 /* AppDelegate.swift */; };
		409E3D8920608F5F0050C2F6 /* ViewController.swift in Sources */ = {isa = PBXBuildFile; fileRef = 409E3D8820608F5F0050C2F6 /* ViewController.swift */; };
		409E3D8C20608F5F0050C2F6 /* Main.storyboard in Resources */ = {isa = PBXBuildFile; fileRef = 409E3D8A20608F5F0050C2F6 /* Main.storyboard */; };
		409E3D8E20608F5F0050C2F6 /* Assets.xcassets in Resources */ = {isa = PBXBuildFile; fileRef = 409E3D8D20608F5F0050C2F6 /* Assets.xcassets */; };
		409E3D9120608F5F0050C2F6 /* LaunchScreen.storyboard in Resources */ = {isa = PBXBuildFile; fileRef = 409E3D8F20608F5F0050C2F6 /* LaunchScreen.storyboard */; };
		40DBED422060B2BD009E17AF /* Pin.xcdatamodeld in Sources */ = {isa = PBXBuildFile; fileRef = 40DBED402060B2BD009E17AF /* Pin.xcdatamodeld */; };
		40DBED4420616CB4009E17AF /* DataController.swift in Sources */ = {isa = PBXBuildFile; fileRef = 40DBED4320616CB4009E17AF /* DataController.swift */; };
		40E63719206484C900213326 /* Constants.swift in Sources */ = {isa = PBXBuildFile; fileRef = 40E63718206484C900213326 /* Constants.swift */; };
		40E6371C20648A7700213326 /* Requests.swift in Sources */ = {isa = PBXBuildFile; fileRef = 40E6371B20648A7700213326 /* Requests.swift */; };
/* End PBXBuildFile section */

/* Begin PBXFileReference section */
		40418A8D20644E6800D8B451 /* PhotosViewController.swift */ = {isa = PBXFileReference; lastKnownFileType = sourcecode.swift; path = PhotosViewController.swift; sourceTree = "<group>"; };
		4094CF622064B28900CE0FE4 /* PhotoCell.swift */ = {isa = PBXFileReference; lastKnownFileType = sourcecode.swift; path = PhotoCell.swift; sourceTree = "<group>"; };
		409E3D8320608F5F0050C2F6 /* Virtual Tourist.app */ = {isa = PBXFileReference; explicitFileType = wrapper.application; includeInIndex = 0; path = "Virtual Tourist.app"; sourceTree = BUILT_PRODUCTS_DIR; };
		409E3D8620608F5F0050C2F6 /* AppDelegate.swift */ = {isa = PBXFileReference; lastKnownFileType = sourcecode.swift; path = AppDelegate.swift; sourceTree = "<group>"; };
		409E3D8820608F5F0050C2F6 /* ViewController.swift */ = {isa = PBXFileReference; lastKnownFileType = sourcecode.swift; path = ViewController.swift; sourceTree = "<group>"; };
		409E3D8B20608F5F0050C2F6 /* Base */ = {isa = PBXFileReference; lastKnownFileType = file.storyboard; name = Base; path = Base.lproj/Main.storyboard; sourceTree = "<group>"; };
		409E3D8D20608F5F0050C2F6 /* Assets.xcassets */ = {isa = PBXFileReference; lastKnownFileType = folder.assetcatalog; path = Assets.xcassets; sourceTree = "<group>"; };
		409E3D9020608F5F0050C2F6 /* Base */ = {isa = PBXFileReference; lastKnownFileType = file.storyboard; name = Base; path = Base.lproj/LaunchScreen.storyboard; sourceTree = "<group>"; };
		409E3D9220608F5F0050C2F6 /* Info.plist */ = {isa = PBXFileReference; lastKnownFileType = text.plist.xml; path = Info.plist; sourceTree = "<group>"; };
		40DBED412060B2BD009E17AF /* Pin.xcdatamodel */ = {isa = PBXFileReference; lastKnownFileType = wrapper.xcdatamodel; path = Pin.xcdatamodel; sourceTree = "<group>"; };
		40DBED4320616CB4009E17AF /* DataController.swift */ = {isa = PBXFileReference; lastKnownFileType = sourcecode.swift; path = DataController.swift; sourceTree = "<group>"; };
		40E63718206484C900213326 /* Constants.swift */ = {isa = PBXFileReference; lastKnownFileType = sourcecode.swift; path = Constants.swift; sourceTree = "<group>"; };
		40E6371B20648A7700213326 /* Requests.swift */ = {isa = PBXFileReference; lastKnownFileType = sourcecode.swift; path = Requests.swift; sourceTree = "<group>"; };
/* End PBXFileReference section */

/* Begin PBXFrameworksBuildPhase section */
		409E3D8020608F5F0050C2F6 /* Frameworks */ = {
			isa = PBXFrameworksBuildPhase;
			buildActionMask = 2147483647;
			files = (
			);
			runOnlyForDeploymentPostprocessing = 0;
		};
/* End PBXFrameworksBuildPhase section */

/* Begin PBXGroup section */
		40418A8C20644E3B00D8B451 /* ViewControllers */ = {
			isa = PBXGroup;
			children = (
				409E3D8820608F5F0050C2F6 /* ViewController.swift */,
				40418A8D20644E6800D8B451 /* PhotosViewController.swift */,
			);
			path = ViewControllers;
			sourceTree = "<group>";
		};
		409E3D7A20608F5F0050C2F6 = {
			isa = PBXGroup;
			children = (
				409E3D8520608F5F0050C2F6 /* Virtual Tourist */,
				409E3D8420608F5F0050C2F6 /* Products */,
			);
			sourceTree = "<group>";
		};
		409E3D8420608F5F0050C2F6 /* Products */ = {
			isa = PBXGroup;
			children = (
				409E3D8320608F5F0050C2F6 /* Virtual Tourist.app */,
			);
			name = Products;
			sourceTree = "<group>";
		};
		409E3D8520608F5F0050C2F6 /* Virtual Tourist */ = {
			isa = PBXGroup;
			children = (
				40E6371A20648A6000213326 /* Helper */,
				40E6371720645D6200213326 /* View */,
				40418A8C20644E3B00D8B451 /* ViewControllers */,
				40DBED3F2060B28A009E17AF /* Model */,
				409E3D8620608F5F0050C2F6 /* AppDelegate.swift */,
				409E3D8A20608F5F0050C2F6 /* Main.storyboard */,
				409E3D8D20608F5F0050C2F6 /* Assets.xcassets */,
				409E3D8F20608F5F0050C2F6 /* LaunchScreen.storyboard */,
				409E3D9220608F5F0050C2F6 /* Info.plist */,
			);
			path = "Virtual Tourist";
			sourceTree = "<group>";
		};
		40DBED3F2060B28A009E17AF /* Model */ = {
			isa = PBXGroup;
			children = (
				40DBED402060B2BD009E17AF /* Pin.xcdatamodeld */,
				40DBED4320616CB4009E17AF /* DataController.swift */,
				40E63718206484C900213326 /* Constants.swift */,
			);
			path = Model;
			sourceTree = "<group>";
		};
		40E6371720645D6200213326 /* View */ = {
			isa = PBXGroup;
			children = (
				4094CF622064B28900CE0FE4 /* PhotoCell.swift */,
			);
			path = View;
			sourceTree = "<group>";
		};
		40E6371A20648A6000213326 /* Helper */ = {
			isa = PBXGroup;
			children = (
				40E6371B20648A7700213326 /* Requests.swift */,
			);
			path = Helper;
			sourceTree = "<group>";
		};
/* End PBXGroup section */

/* Begin PBXNativeTarget section */
		409E3D8220608F5F0050C2F6 /* Virtual Tourist */ = {
			isa = PBXNativeTarget;
			buildConfigurationList = 409E3D9520608F5F0050C2F6 /* Build configuration list for PBXNativeTarget "Virtual Tourist" */;
			buildPhases = (
				409E3D7F20608F5F0050C2F6 /* Sources */,
				409E3D8020608F5F0050C2F6 /* Frameworks */,
				409E3D8120608F5F0050C2F6 /* Resources */,
			);
			buildRules = (
			);
			dependencies = (
			);
			name = "Virtual Tourist";
			productName = "Virtual Tourist";
			productReference = 409E3D8320608F5F0050C2F6 /* Virtual Tourist.app */;
			productType = "com.apple.product-type.application";
		};
/* End PBXNativeTarget section */

/* Begin PBXProject section */
		409E3D7B20608F5F0050C2F6 /* Project object */ = {
			isa = PBXProject;
			attributes = {
				LastSwiftUpdateCheck = 0920;
				LastUpgradeCheck = 0920;
				ORGANIZATIONNAME = "Ravikiran Pathade";
				TargetAttributes = {
					409E3D8220608F5F0050C2F6 = {
						CreatedOnToolsVersion = 9.2;
						ProvisioningStyle = Automatic;
					};
				};
			};
			buildConfigurationList = 409E3D7E20608F5F0050C2F6 /* Build configuration list for PBXProject "Virtual Tourist" */;
			compatibilityVersion = "Xcode 8.0";
			developmentRegion = en;
			hasScannedForEncodings = 0;
			knownRegions = (
				en,
				Base,
			);
			mainGroup = 409E3D7A20608F5F0050C2F6;
			productRefGroup = 409E3D8420608F5F0050C2F6 /* Products */;
			projectDirPath = "";
			projectRoot = "";
			targets = (
				409E3D8220608F5F0050C2F6 /* Virtual Tourist */,
			);
		};
/* End PBXProject section */

/* Begin PBXResourcesBuildPhase section */
		409E3D8120608F5F0050C2F6 /* Resources */ = {
			isa = PBXResourcesBuildPhase;
			buildActionMask = 2147483647;
			files = (
				409E3D9120608F5F0050C2F6 /* LaunchScreen.storyboard in Resources */,
				409E3D8E20608F5F0050C2F6 /* Assets.xcassets in Resources */,
				409E3D8C20608F5F0050C2F6 /* Main.storyboard in Resources */,
			);
			runOnlyForDeploymentPostprocessing = 0;
		};
/* End PBXResourcesBuildPhase section */

/* Begin PBXSourcesBuildPhase section */
		409E3D7F20608F5F0050C2F6 /* Sources */ = {
			isa = PBXSourcesBuildPhase;
			buildActionMask = 2147483647;
			files = (
				409E3D8920608F5F0050C2F6 /* ViewController.swift in Sources */,
				40DBED4420616CB4009E17AF /* DataController.swift in Sources */,
				40DBED422060B2BD009E17AF /* Pin.xcdatamodeld in Sources */,
				409E3D8720608F5F0050C2F6 /* AppDelegate.swift in Sources */,
				4094CF632064B28900CE0FE4 /* PhotoCell.swift in Sources */,
				40418A8E20644E6800D8B451 /* PhotosViewController.swift in Sources */,
				40E6371C20648A7700213326 /* Requests.swift in Sources */,
				40E63719206484C900213326 /* Constants.swift in Sources */,
			);
			runOnlyForDeploymentPostprocessing = 0;
		};
/* End PBXSourcesBuildPhase section */

/* Begin PBXVariantGroup section */
		409E3D8A20608F5F0050C2F6 /* Main.storyboard */ = {
			isa = PBXVariantGroup;
			children = (
				409E3D8B20608F5F0050C2F6 /* Base */,
			);
			name = Main.storyboard;
			sourceTree = "<group>";
		};
		409E3D8F20608F5F0050C2F6 /* LaunchScreen.storyboard */ = {
			isa = PBXVariantGroup;
			children = (
				409E3D9020608F5F0050C2F6 /* Base */,
			);
			name = LaunchScreen.storyboard;
			sourceTree = "<group>";
		};
/* End PBXVariantGroup section */

/* Begin XCBuildConfiguration section */
		409E3D9320608F5F0050C2F6 /* Debug */ = {
			isa = XCBuildConfiguration;
			buildSettings = {
				ALWAYS_SEARCH_USER_PATHS = NO;
				CLANG_ANALYZER_NONNULL = YES;
				CLANG_ANALYZER_NUMBER_OBJECT_CONVERSION = YES_AGGRESSIVE;
				CLANG_CXX_LANGUAGE_STANDARD = "gnu++14";
				CLANG_CXX_LIBRARY = "libc++";
				CLANG_ENABLE_MODULES = YES;
				CLANG_ENABLE_OBJC_ARC = YES;
				CLANG_WARN_BLOCK_CAPTURE_AUTORELEASING = YES;
				CLANG_WARN_BOOL_CONVERSION = YES;
				CLANG_WARN_COMMA = YES;
				CLANG_WARN_CONSTANT_CONVERSION = YES;
				CLANG_WARN_DIRECT_OBJC_ISA_USAGE = YES_ERROR;
				CLANG_WARN_DOCUMENTATION_COMMENTS = YES;
				CLANG_WARN_EMPTY_BODY = YES;
				CLANG_WARN_ENUM_CONVERSION = YES;
				CLANG_WARN_INFINITE_RECURSION = YES;
				CLANG_WARN_INT_CONVERSION = YES;
				CLANG_WARN_NON_LITERAL_NULL_CONVERSION = YES;
				CLANG_WARN_OBJC_LITERAL_CONVERSION = YES;
				CLANG_WARN_OBJC_ROOT_CLASS = YES_ERROR;
				CLANG_WARN_RANGE_LOOP_ANALYSIS = YES;
				CLANG_WARN_STRICT_PROTOTYPES = YES;
				CLANG_WARN_SUSPICIOUS_MOVE = YES;
				CLANG_WARN_UNGUARDED_AVAILABILITY = YES_AGGRESSIVE;
				CLANG_WARN_UNREACHABLE_CODE = YES;
				CLANG_WARN__DUPLICATE_METHOD_MATCH = YES;
				CODE_SIGN_IDENTITY = "iPhone Developer";
				COPY_PHASE_STRIP = NO;
				DEBUG_INFORMATION_FORMAT = dwarf;
				ENABLE_STRICT_OBJC_MSGSEND = YES;
				ENABLE_TESTABILITY = YES;
				GCC_C_LANGUAGE_STANDARD = gnu11;
				GCC_DYNAMIC_NO_PIC = NO;
				GCC_NO_COMMON_BLOCKS = YES;
				GCC_OPTIMIZATION_LEVEL = 0;
				GCC_PREPROCESSOR_DEFINITIONS = (
					"DEBUG=1",
					"$(inherited)",
				);
				GCC_WARN_64_TO_32_BIT_CONVERSION = YES;
				GCC_WARN_ABOUT_RETURN_TYPE = YES_ERROR;
				GCC_WARN_UNDECLARED_SELECTOR = YES;
				GCC_WARN_UNINITIALIZED_AUTOS = YES_AGGRESSIVE;
				GCC_WARN_UNUSED_FUNCTION = YES;
				GCC_WARN_UNUSED_VARIABLE = YES;
				IPHONEOS_DEPLOYMENT_TARGET = 11.2;
				MTL_ENABLE_DEBUG_INFO = YES;
				ONLY_ACTIVE_ARCH = YES;
				SDKROOT = iphoneos;
				SWIFT_ACTIVE_COMPILATION_CONDITIONS = DEBUG;
				SWIFT_OPTIMIZATION_LEVEL = "-Onone";
			};
			name = Debug;
		};
		409E3D9420608F5F0050C2F6 /* Release */ = {
			isa = XCBuildConfiguration;
			buildSettings = {
				ALWAYS_SEARCH_USER_PATHS = NO;
				CLANG_ANALYZER_NONNULL = YES;
				CLANG_ANALYZER_NUMBER_OBJECT_CONVERSION = YES_AGGRESSIVE;
				CLANG_CXX_LANGUAGE_STANDARD = "gnu++14";
				CLANG_CXX_LIBRARY = "libc++";
				CLANG_ENABLE_MODULES = YES;
				CLANG_ENABLE_OBJC_ARC = YES;
				CLANG_WARN_BLOCK_CAPTURE_AUTORELEASING = YES;
				CLANG_WARN_BOOL_CONVERSION = YES;
				CLANG_WARN_COMMA = YES;
				CLANG_WARN_CONSTANT_CONVERSION = YES;
				CLANG_WARN_DIRECT_OBJC_ISA_USAGE = YES_ERROR;
				CLANG_WARN_DOCUMENTATION_COMMENTS = YES;
				CLANG_WARN_EMPTY_BODY = YES;
				CLANG_WARN_ENUM_CONVERSION = YES;
				CLANG_WARN_INFINITE_RECURSION = YES;
				CLANG_WARN_INT_CONVERSION = YES;
				CLANG_WARN_NON_LITERAL_NULL_CONVERSION = YES;
				CLANG_WARN_OBJC_LITERAL_CONVERSION = YES;
				CLANG_WARN_OBJC_ROOT_CLASS = YES_ERROR;
				CLANG_WARN_RANGE_LOOP_ANALYSIS = YES;
				CLANG_WARN_STRICT_PROTOTYPES = YES;
				CLANG_WARN_SUSPICIOUS_MOVE = YES;
				CLANG_WARN_UNGUARDED_AVAILABILITY = YES_AGGRESSIVE;
				CLANG_WARN_UNREACHABLE_CODE = YES;
				CLANG_WARN__DUPLICATE_METHOD_MATCH = YES;
				CODE_SIGN_IDENTITY = "iPhone Developer";
				COPY_PHASE_STRIP = NO;
				DEBUG_INFORMATION_FORMAT = "dwarf-with-dsym";
				ENABLE_NS_ASSERTIONS = NO;
				ENABLE_STRICT_OBJC_MSGSEND = YES;
				GCC_C_LANGUAGE_STANDARD = gnu11;
				GCC_NO_COMMON_BLOCKS = YES;
				GCC_WARN_64_TO_32_BIT_CONVERSION = YES;
				GCC_WARN_ABOUT_RETURN_TYPE = YES_ERROR;
				GCC_WARN_UNDECLARED_SELECTOR = YES;
				GCC_WARN_UNINITIALIZED_AUTOS = YES_AGGRESSIVE;
				GCC_WARN_UNUSED_FUNCTION = YES;
				GCC_WARN_UNUSED_VARIABLE = YES;
				IPHONEOS_DEPLOYMENT_TARGET = 11.2;
				MTL_ENABLE_DEBUG_INFO = NO;
				SDKROOT = iphoneos;
				SWIFT_OPTIMIZATION_LEVEL = "-Owholemodule";
				VALIDATE_PRODUCT = YES;
			};
			name = Release;
		};
		409E3D9620608F5F0050C2F6 /* Debug */ = {
			isa = XCBuildConfiguration;
			buildSettings = {
				ASSETCATALOG_COMPILER_APPICON_NAME = AppIcon;
				CODE_SIGN_STYLE = Automatic;
				DEVELOPMENT_TEAM = VRZW89MF7Y;
				INFOPLIST_FILE = "Virtual Tourist/Info.plist";
				LD_RUNPATH_SEARCH_PATHS = "$(inherited) @executable_path/Frameworks";
				PRODUCT_BUNDLE_IDENTIFIER = "com.ravikiran.virtualtourist.Virtual-Tourist";
				PRODUCT_NAME = "$(TARGET_NAME)";
				SWIFT_VERSION = 4.0;
				TARGETED_DEVICE_FAMILY = "1,2";
			};
			name = Debug;
		};
		409E3D9720608F5F0050C2F6 /* Release */ = {
			isa = XCBuildConfiguration;
			buildSettings = {
				ASSETCATALOG_COMPILER_APPICON_NAME = AppIcon;
				CODE_SIGN_STYLE = Automatic;
				DEVELOPMENT_TEAM = VRZW89MF7Y;
				INFOPLIST_FILE = "Virtual Tourist/Info.plist";
				LD_RUNPATH_SEARCH_PATHS = "$(inherited) @executable_path/Frameworks";
				PRODUCT_BUNDLE_IDENTIFIER = "com.ravikiran.virtualtourist.Virtual-Tourist";
				PRODUCT_NAME = "$(TARGET_NAME)";
				SWIFT_VERSION = 4.0;
				TARGETED_DEVICE_FAMILY = "1,2";
			};
			name = Release;
		};
/* End XCBuildConfiguration section */

/* Begin XCConfigurationList section */
		409E3D7E20608F5F0050C2F6 /* Build configuration list for PBXProject "Virtual Tourist" */ = {
			isa = XCConfigurationList;
			buildConfigurations = (
				409E3D9320608F5F0050C2F6 /* Debug */,
				409E3D9420608F5F0050C2F6 /* Release */,
			);
			defaultConfigurationIsVisible = 0;
			defaultConfigurationName = Release;
		};
		409E3D9520608F5F0050C2F6 /* Build configuration list for PBXNativeTarget "Virtual Tourist" */ = {
			isa = XCConfigurationList;
			buildConfigurations = (
				409E3D9620608F5F0050C2F6 /* Debug */,
				409E3D9720608F5F0050C2F6 /* Release */,
			);
			defaultConfigurationIsVisible = 0;
			defaultConfigurationName = Release;
		};
/* End XCConfigurationList section */

/* Begin XCVersionGroup section */
		40DBED402060B2BD009E17AF /* Pin.xcdatamodeld */ = {
			isa = XCVersionGroup;
			children = (
				40DBED412060B2BD009E17AF /* Pin.xcdatamodel */,
			);
			currentVersion = 40DBED412060B2BD009E17AF /* Pin.xcdatamodel */;
			path = Pin.xcdatamodeld;
			sourceTree = "<group>";
			versionGroupType = wrapper.xcdatamodel;
		};
/* End XCVersionGroup section */
	};
	rootObject = 409E3D7B20608F5F0050C2F6 /* Project object */;
}
